
Microsoft Visual Studio Solution File, Format Version 12.00
# Visual Studio Version 17
VisualStudioVersion = 17.3.32825.248
MinimumVisualStudioVersion = 10.0.40219.1
Project("{FAE04EC0-301F-11D3-BF4B-00C04F79EFBC}") = "Project5", "Project5\Project5.csproj", "{F51522E1-12F1-4767-9A9D-6011008E9095}"
EndProject
Project("{FAE04EC0-301F-11D3-BF4B-00C04F79EFBC}") = "Encrypt2", "Encrypt2\Encrypt2.csproj", "{87CD2028-A09F-4283-993F-F603BC59229C}"
EndProject
Global
	GlobalSection(SolutionConfigurationPlatforms) = preSolution
		Debug|Any CPU = Debug|Any CPU
		Release|Any CPU = Release|Any CPU
	EndGlobalSection
	GlobalSection(ProjectConfigurationPlatforms) = postSolution
		{F51522E1-12F1-4767-9A9D-6011008E9095}.Debug|Any CPU.ActiveCfg = Debug|Any CPU
		{F51522E1-12F1-4767-9A9D-6011008E9095}.Debug|Any CPU.Build.0 = Debug|Any CPU
		{F51522E1-12F1-4767-9A9D-6011008E9095}.Release|Any CPU.ActiveCfg = Release|Any CPU
		{F51522E1-12F1-4767-9A9D-6011008E9095}.Release|Any CPU.Build.0 = Release|Any CPU
		{87CD2028-A09F-4283-993F-F603BC59229C}.Debug|Any CPU.ActiveCfg = Debug|Any CPU
		{87CD2028-A09F-4283-993F-F603BC59229C}.Debug|Any CPU.Build.0 = Debug|Any CPU
		{87CD2028-A09F-4283-993F-F603BC59229C}.Release|Any CPU.ActiveCfg = Release|Any CPU
		{87CD2028-A09F-4283-993F-F603BC59229C}.Release|Any CPU.Build.0 = Release|Any CPU
	EndGlobalSection
	GlobalSection(SolutionProperties) = preSolution
		HideSolutionNode = FALSE
	EndGlobalSection
	GlobalSection(ExtensibilityGlobals) = postSolution
		SolutionGuid = {EBD4D510-0F92-42E8-BB94-BF0E12FADACE}
	EndGlobalSection
EndGlobal
